
Microsoft Visual Studio Solution File, Format Version 12.00
# Visual Studio Version 17
VisualStudioVersion = 17.11.35312.102
MinimumVisualStudioVersion = 10.0.40219.1
Project("{FAE04EC0-301F-11D3-BF4B-00C04F79EFBC}") = "Tic Tac Toe Game", "Tic Tac Toe Game.csproj", "{9FBC4B8F-459D-4273-9CFF-726CE72B89A8}"
EndProject
Global
	GlobalSection(SolutionConfigurationPlatforms) = preSolution
		Debug|Any CPU = Debug|Any CPU
		Release|Any CPU = Release|Any CPU
	EndGlobalSection
	GlobalSection(ProjectConfigurationPlatforms) = postSolution
		{9FBC4B8F-459D-4273-9CFF-726CE72B89A8}.Debug|Any CPU.ActiveCfg = Debug|Any CPU
		{9FBC4B8F-459D-4273-9CFF-726CE72B89A8}.Debug|Any CPU.Build.0 = Debug|Any CPU
		{9FBC4B8F-459D-4273-9CFF-726CE72B89A8}.Release|Any CPU.ActiveCfg = Release|Any CPU
		{9FBC4B8F-459D-4273-9CFF-726CE72B89A8}.Release|Any CPU.Build.0 = Release|Any CPU
	EndGlobalSection
	GlobalSection(SolutionProperties) = preSolution
		HideSolutionNode = FALSE
	EndGlobalSection
	GlobalSection(ExtensibilityGlobals) = postSolution
		SolutionGuid = {113B342D-C768-4A84-B079-614D14E9C0C7}
	EndGlobalSection
EndGlobal
